// !$*UTF8*$!
{
	archiveVersion = 1;
	classes = {
	};
	objectVersion = 48;
	objects = {

/* Begin PBXBuildFile section */
		773161692008F1AD000B8ABA /* DigitalGate.framework in Frameworks */ = {isa = PBXBuildFile; fileRef = 773161682008F1AD000B8ABA /* DigitalGate.framework */; };
		7731616A2008F1B7000B8ABA /* DigitalGate.framework in Frameworks */ = {isa = PBXBuildFile; fileRef = 773161682008F1AD000B8ABA /* DigitalGate.framework */; };
		7731616B2008F1B7000B8ABA /* DigitalGate.framework in Embed Frameworks */ = {isa = PBXBuildFile; fileRef = 773161682008F1AD000B8ABA /* DigitalGate.framework */; settings = {ATTRIBUTES = (CodeSignOnCopy, RemoveHeadersOnCopy, ); }; };
		77F9C38F1FF5061500DDD3A3 /* AppDelegate.swift in Sources */ = {isa = PBXBuildFile; fileRef = 77F9C38E1FF5061500DDD3A3 /* AppDelegate.swift */; };
		77F9C3911FF5061500DDD3A3 /* ViewController.swift in Sources */ = {isa = PBXBuildFile; fileRef = 77F9C3901FF5061500DDD3A3 /* ViewController.swift */; };
		77F9C3941FF5061500DDD3A3 /* Main.storyboard in Resources */ = {isa = PBXBuildFile; fileRef = 77F9C3921FF5061500DDD3A3 /* Main.storyboard */; };
		77F9C3961FF5061500DDD3A3 /* Assets.xcassets in Resources */ = {isa = PBXBuildFile; fileRef = 77F9C3951FF5061500DDD3A3 /* Assets.xcassets */; };
		77F9C3991FF5061500DDD3A3 /* LaunchScreen.storyboard in Resources */ = {isa = PBXBuildFile; fileRef = 77F9C3971FF5061500DDD3A3 /* LaunchScreen.storyboard */; };
		77F9C3A41FF5061500DDD3A3 /* DigitalGateAppTests.swift in Sources */ = {isa = PBXBuildFile; fileRef = 77F9C3A31FF5061500DDD3A3 /* DigitalGateAppTests.swift */; };
		77F9C3AF1FF5061500DDD3A3 /* DigitalGateAppUITests.swift in Sources */ = {isa = PBXBuildFile; fileRef = 77F9C3AE1FF5061500DDD3A3 /* DigitalGateAppUITests.swift */; };
		77F9C3C21FF506E800DDD3A3 /* LoginCoordinator.swift in Sources */ = {isa = PBXBuildFile; fileRef = 77F9C3C11FF506E800DDD3A3 /* LoginCoordinator.swift */; };
/* End PBXBuildFile section */

/* Begin PBXContainerItemProxy section */
		77F9C3A01FF5061500DDD3A3 /* PBXContainerItemProxy */ = {
			isa = PBXContainerItemProxy;
			containerPortal = 77F9C3831FF5061500DDD3A3 /* Project object */;
			proxyType = 1;
			remoteGlobalIDString = 77F9C38A1FF5061500DDD3A3;
			remoteInfo = DigitalGateApp;
		};
		77F9C3AB1FF5061500DDD3A3 /* PBXContainerItemProxy */ = {
			isa = PBXContainerItemProxy;
			containerPortal = 77F9C3831FF5061500DDD3A3 /* Project object */;
			proxyType = 1;
			remoteGlobalIDString = 77F9C38A1FF5061500DDD3A3;
			remoteInfo = DigitalGateApp;
		};
/* End PBXContainerItemProxy section */

/* Begin PBXCopyFilesBuildPhase section */
		77F9C3C01FF506A800DDD3A3 /* Embed Frameworks */ = {
			isa = PBXCopyFilesBuildPhase;
			buildActionMask = 2147483647;
			dstPath = "";
			dstSubfolderSpec = 10;
			files = (
				7731616B2008F1B7000B8ABA /* DigitalGate.framework in Embed Frameworks */,
			);
			name = "Embed Frameworks";
			runOnlyForDeploymentPostprocessing = 0;
		};
/* End PBXCopyFilesBuildPhase section */

/* Begin PBXFileReference section */
		773161682008F1AD000B8ABA /* DigitalGate.framework */ = {isa = PBXFileReference; lastKnownFileType = wrapper.framework; path = DigitalGate.framework; sourceTree = "<group>"; };
		77F9C38B1FF5061500DDD3A3 /* DigitalGateApp.app */ = {isa = PBXFileReference; explicitFileType = wrapper.application; includeInIndex = 0; path = DigitalGateApp.app; sourceTree = BUILT_PRODUCTS_DIR; };
		77F9C38E1FF5061500DDD3A3 /* AppDelegate.swift */ = {isa = PBXFileReference; lastKnownFileType = sourcecode.swift; path = AppDelegate.swift; sourceTree = "<group>"; };
		77F9C3901FF5061500DDD3A3 /* ViewController.swift */ = {isa = PBXFileReference; lastKnownFileType = sourcecode.swift; path = ViewController.swift; sourceTree = "<group>"; };
		77F9C3931FF5061500DDD3A3 /* Base */ = {isa = PBXFileReference; lastKnownFileType = file.storyboard; name = Base; path = Base.lproj/Main.storyboard; sourceTree = "<group>"; };
		77F9C3951FF5061500DDD3A3 /* Assets.xcassets */ = {isa = PBXFileReference; lastKnownFileType = folder.assetcatalog; path = Assets.xcassets; sourceTree = "<group>"; };
		77F9C3981FF5061500DDD3A3 /* Base */ = {isa = PBXFileReference; lastKnownFileType = file.storyboard; name = Base; path = Base.lproj/LaunchScreen.storyboard; sourceTree = "<group>"; };
		77F9C39A1FF5061500DDD3A3 /* Info.plist */ = {isa = PBXFileReference; lastKnownFileType = text.plist.xml; path = Info.plist; sourceTree = "<group>"; };
		77F9C39F1FF5061500DDD3A3 /* DigitalGateAppTests.xctest */ = {isa = PBXFileReference; explicitFileType = wrapper.cfbundle; includeInIndex = 0; path = DigitalGateAppTests.xctest; sourceTree = BUILT_PRODUCTS_DIR; };
		77F9C3A31FF5061500DDD3A3 /* DigitalGateAppTests.swift */ = {isa = PBXFileReference; lastKnownFileType = sourcecode.swift; path = DigitalGateAppTests.swift; sourceTree = "<group>"; };
		77F9C3A51FF5061500DDD3A3 /* Info.plist */ = {isa = PBXFileReference; lastKnownFileType = text.plist.xml; path = Info.plist; sourceTree = "<group>"; };
		77F9C3AA1FF5061500DDD3A3 /* DigitalGateAppUITests.xctest */ = {isa = PBXFileReference; explicitFileType = wrapper.cfbundle; includeInIndex = 0; path = DigitalGateAppUITests.xctest; sourceTree = BUILT_PRODUCTS_DIR; };
		77F9C3AE1FF5061500DDD3A3 /* DigitalGateAppUITests.swift */ = {isa = PBXFileReference; lastKnownFileType = sourcecode.swift; path = DigitalGateAppUITests.swift; sourceTree = "<group>"; };
		77F9C3B01FF5061500DDD3A3 /* Info.plist */ = {isa = PBXFileReference; lastKnownFileType = text.plist.xml; path = Info.plist; sourceTree = "<group>"; };
		77F9C3C11FF506E800DDD3A3 /* LoginCoordinator.swift */ = {isa = PBXFileReference; lastKnownFileType = sourcecode.swift; path = LoginCoordinator.swift; sourceTree = "<group>"; };
/* End PBXFileReference section */

/* Begin PBXFrameworksBuildPhase section */
		77F9C3881FF5061500DDD3A3 /* Frameworks */ = {
			isa = PBXFrameworksBuildPhase;
			buildActionMask = 2147483647;
			files = (
				7731616A2008F1B7000B8ABA /* DigitalGate.framework in Frameworks */,
				773161692008F1AD000B8ABA /* DigitalGate.framework in Frameworks */,
			);
			runOnlyForDeploymentPostprocessing = 0;
		};
		77F9C39C1FF5061500DDD3A3 /* Frameworks */ = {
			isa = PBXFrameworksBuildPhase;
			buildActionMask = 2147483647;
			files = (
			);
			runOnlyForDeploymentPostprocessing = 0;
		};
		77F9C3A71FF5061500DDD3A3 /* Frameworks */ = {
			isa = PBXFrameworksBuildPhase;
			buildActionMask = 2147483647;
			files = (
			);
			runOnlyForDeploymentPostprocessing = 0;
		};
/* End PBXFrameworksBuildPhase section */

/* Begin PBXGroup section */
		77F9C3821FF5061500DDD3A3 = {
			isa = PBXGroup;
			children = (
				77F9C38D1FF5061500DDD3A3 /* DigitalGateApp */,
				77F9C3A21FF5061500DDD3A3 /* DigitalGateAppTests */,
				77F9C3AD1FF5061500DDD3A3 /* DigitalGateAppUITests */,
				77F9C38C1FF5061500DDD3A3 /* Products */,
			);
			sourceTree = "<group>";
		};
		77F9C38C1FF5061500DDD3A3 /* Products */ = {
			isa = PBXGroup;
			children = (
				77F9C38B1FF5061500DDD3A3 /* DigitalGateApp.app */,
				77F9C39F1FF5061500DDD3A3 /* DigitalGateAppTests.xctest */,
				77F9C3AA1FF5061500DDD3A3 /* DigitalGateAppUITests.xctest */,
			);
			name = Products;
			sourceTree = "<group>";
		};
		77F9C38D1FF5061500DDD3A3 /* DigitalGateApp */ = {
			isa = PBXGroup;
			children = (
				77F9C3C11FF506E800DDD3A3 /* LoginCoordinator.swift */,
				77F9C3BC1FF5063300DDD3A3 /* Framework */,
				77F9C38E1FF5061500DDD3A3 /* AppDelegate.swift */,
				77F9C3901FF5061500DDD3A3 /* ViewController.swift */,
				77F9C3921FF5061500DDD3A3 /* Main.storyboard */,
				77F9C3951FF5061500DDD3A3 /* Assets.xcassets */,
				77F9C3971FF5061500DDD3A3 /* LaunchScreen.storyboard */,
				77F9C39A1FF5061500DDD3A3 /* Info.plist */,
			);
			path = DigitalGateApp;
			sourceTree = "<group>";
		};
		77F9C3A21FF5061500DDD3A3 /* DigitalGateAppTests */ = {
			isa = PBXGroup;
			children = (
				77F9C3A31FF5061500DDD3A3 /* DigitalGateAppTests.swift */,
				77F9C3A51FF5061500DDD3A3 /* Info.plist */,
			);
			path = DigitalGateAppTests;
			sourceTree = "<group>";
		};
		77F9C3AD1FF5061500DDD3A3 /* DigitalGateAppUITests */ = {
			isa = PBXGroup;
			children = (
				77F9C3AE1FF5061500DDD3A3 /* DigitalGateAppUITests.swift */,
				77F9C3B01FF5061500DDD3A3 /* Info.plist */,
			);
			path = DigitalGateAppUITests;
			sourceTree = "<group>";
		};
		77F9C3BC1FF5063300DDD3A3 /* Framework */ = {
			isa = PBXGroup;
			children = (
				773161682008F1AD000B8ABA /* DigitalGate.framework */,
			);
			path = Framework;
			sourceTree = "<group>";
		};
/* End PBXGroup section */

/* Begin PBXNativeTarget section */
		77F9C38A1FF5061500DDD3A3 /* DigitalGateApp */ = {
			isa = PBXNativeTarget;
			buildConfigurationList = 77F9C3B31FF5061500DDD3A3 /* Build configuration list for PBXNativeTarget "DigitalGateApp" */;
			buildPhases = (
				77F9C3871FF5061500DDD3A3 /* Sources */,
				77F9C3881FF5061500DDD3A3 /* Frameworks */,
				77F9C3891FF5061500DDD3A3 /* Resources */,
				77F9C3C01FF506A800DDD3A3 /* Embed Frameworks */,
			);
			buildRules = (
			);
			dependencies = (
			);
			name = DigitalGateApp;
			productName = DigitalGateApp;
			productReference = 77F9C38B1FF5061500DDD3A3 /* DigitalGateApp.app */;
			productType = "com.apple.product-type.application";
		};
		77F9C39E1FF5061500DDD3A3 /* DigitalGateAppTests */ = {
			isa = PBXNativeTarget;
			buildConfigurationList = 77F9C3B61FF5061500DDD3A3 /* Build configuration list for PBXNativeTarget "DigitalGateAppTests" */;
			buildPhases = (
				77F9C39B1FF5061500DDD3A3 /* Sources */,
				77F9C39C1FF5061500DDD3A3 /* Frameworks */,
				77F9C39D1FF5061500DDD3A3 /* Resources */,
			);
			buildRules = (
			);
			dependencies = (
				77F9C3A11FF5061500DDD3A3 /* PBXTargetDependency */,
			);
			name = DigitalGateAppTests;
			productName = DigitalGateAppTests;
			productReference = 77F9C39F1FF5061500DDD3A3 /* DigitalGateAppTests.xctest */;
			productType = "com.apple.product-type.bundle.unit-test";
		};
		77F9C3A91FF5061500DDD3A3 /* DigitalGateAppUITests */ = {
			isa = PBXNativeTarget;
			buildConfigurationList = 77F9C3B91FF5061500DDD3A3 /* Build configuration list for PBXNativeTarget "DigitalGateAppUITests" */;
			buildPhases = (
				77F9C3A61FF5061500DDD3A3 /* Sources */,
				77F9C3A71FF5061500DDD3A3 /* Frameworks */,
				77F9C3A81FF5061500DDD3A3 /* Resources */,
			);
			buildRules = (
			);
			dependencies = (
				77F9C3AC1FF5061500DDD3A3 /* PBXTargetDependency */,
			);
			name = DigitalGateAppUITests;
			productName = DigitalGateAppUITests;
			productReference = 77F9C3AA1FF5061500DDD3A3 /* DigitalGateAppUITests.xctest */;
			productType = "com.apple.product-type.bundle.ui-testing";
		};
/* End PBXNativeTarget section */

/* Begin PBXProject section */
		77F9C3831FF5061500DDD3A3 /* Project object */ = {
			isa = PBXProject;
			attributes = {
				LastSwiftUpdateCheck = 0900;
				LastUpgradeCheck = 0900;
				ORGANIZATIONNAME = Turkcell;
				TargetAttributes = {
					77F9C38A1FF5061500DDD3A3 = {
						CreatedOnToolsVersion = 9.0;
						ProvisioningStyle = Automatic;
					};
					77F9C39E1FF5061500DDD3A3 = {
						CreatedOnToolsVersion = 9.0;
						ProvisioningStyle = Automatic;
						TestTargetID = 77F9C38A1FF5061500DDD3A3;
					};
					77F9C3A91FF5061500DDD3A3 = {
						CreatedOnToolsVersion = 9.0;
						ProvisioningStyle = Automatic;
						TestTargetID = 77F9C38A1FF5061500DDD3A3;
					};
				};
			};
			buildConfigurationList = 77F9C3861FF5061500DDD3A3 /* Build configuration list for PBXProject "DigitalGateApp" */;
			compatibilityVersion = "Xcode 8.0";
			developmentRegion = en;
			hasScannedForEncodings = 0;
			knownRegions = (
				en,
				Base,
			);
			mainGroup = 77F9C3821FF5061500DDD3A3;
			productRefGroup = 77F9C38C1FF5061500DDD3A3 /* Products */;
			projectDirPath = "";
			projectRoot = "";
			targets = (
				77F9C38A1FF5061500DDD3A3 /* DigitalGateApp */,
				77F9C39E1FF5061500DDD3A3 /* DigitalGateAppTests */,
				77F9C3A91FF5061500DDD3A3 /* DigitalGateAppUITests */,
			);
		};
/* End PBXProject section */

/* Begin PBXResourcesBuildPhase section */
		77F9C3891FF5061500DDD3A3 /* Resources */ = {
			isa = PBXResourcesBuildPhase;
			buildActionMask = 2147483647;
			files = (
				77F9C3991FF5061500DDD3A3 /* LaunchScreen.storyboard in Resources */,
				77F9C3961FF5061500DDD3A3 /* Assets.xcassets in Resources */,
				77F9C3941FF5061500DDD3A3 /* Main.storyboard in Resources */,
			);
			runOnlyForDeploymentPostprocessing = 0;
		};
		77F9C39D1FF5061500DDD3A3 /* Resources */ = {
			isa = PBXResourcesBuildPhase;
			buildActionMask = 2147483647;
			files = (
			);
			runOnlyForDeploymentPostprocessing = 0;
		};
		77F9C3A81FF5061500DDD3A3 /* Resources */ = {
			isa = PBXResourcesBuildPhase;
			buildActionMask = 2147483647;
			files = (
			);
			runOnlyForDeploymentPostprocessing = 0;
		};
/* End PBXResourcesBuildPhase section */

/* Begin PBXSourcesBuildPhase section */
		77F9C3871FF5061500DDD3A3 /* Sources */ = {
			isa = PBXSourcesBuildPhase;
			buildActionMask = 2147483647;
			files = (
				77F9C3C21FF506E800DDD3A3 /* LoginCoordinator.swift in Sources */,
				77F9C3911FF5061500DDD3A3 /* ViewController.swift in Sources */,
				77F9C38F1FF5061500DDD3A3 /* AppDelegate.swift in Sources */,
			);
			runOnlyForDeploymentPostprocessing = 0;
		};
		77F9C39B1FF5061500DDD3A3 /* Sources */ = {
			isa = PBXSourcesBuildPhase;
			buildActionMask = 2147483647;
			files = (
				77F9C3A41FF5061500DDD3A3 /* DigitalGateAppTests.swift in Sources */,
			);
			runOnlyForDeploymentPostprocessing = 0;
		};
		77F9C3A61FF5061500DDD3A3 /* Sources */ = {
			isa = PBXSourcesBuildPhase;
			buildActionMask = 2147483647;
			files = (
				77F9C3AF1FF5061500DDD3A3 /* DigitalGateAppUITests.swift in Sources */,
			);
			runOnlyForDeploymentPostprocessing = 0;
		};
/* End PBXSourcesBuildPhase section */

/* Begin PBXTargetDependency section */
		77F9C3A11FF5061500DDD3A3 /* PBXTargetDependency */ = {
			isa = PBXTargetDependency;
			target = 77F9C38A1FF5061500DDD3A3 /* DigitalGateApp */;
			targetProxy = 77F9C3A01FF5061500DDD3A3 /* PBXContainerItemProxy */;
		};
		77F9C3AC1FF5061500DDD3A3 /* PBXTargetDependency */ = {
			isa = PBXTargetDependency;
			target = 77F9C38A1FF5061500DDD3A3 /* DigitalGateApp */;
			targetProxy = 77F9C3AB1FF5061500DDD3A3 /* PBXContainerItemProxy */;
		};
/* End PBXTargetDependency section */

/* Begin PBXVariantGroup section */
		77F9C3921FF5061500DDD3A3 /* Main.storyboard */ = {
			isa = PBXVariantGroup;
			children = (
				77F9C3931FF5061500DDD3A3 /* Base */,
			);
			name = Main.storyboard;
			sourceTree = "<group>";
		};
		77F9C3971FF5061500DDD3A3 /* LaunchScreen.storyboard */ = {
			isa = PBXVariantGroup;
			children = (
				77F9C3981FF5061500DDD3A3 /* Base */,
			);
			name = LaunchScreen.storyboard;
			sourceTree = "<group>";
		};
/* End PBXVariantGroup section */

/* Begin XCBuildConfiguration section */
		77F9C3B11FF5061500DDD3A3 /* Debug */ = {
			isa = XCBuildConfiguration;
			buildSettings = {
				ALWAYS_SEARCH_USER_PATHS = NO;
				CLANG_ANALYZER_NONNULL = YES;
				CLANG_ANALYZER_NUMBER_OBJECT_CONVERSION = YES_AGGRESSIVE;
				CLANG_CXX_LANGUAGE_STANDARD = "gnu++14";
				CLANG_CXX_LIBRARY = "libc++";
				CLANG_ENABLE_MODULES = YES;
				CLANG_ENABLE_OBJC_ARC = YES;
				CLANG_WARN_BLOCK_CAPTURE_AUTORELEASING = YES;
				CLANG_WARN_BOOL_CONVERSION = YES;
				CLANG_WARN_COMMA = YES;
				CLANG_WARN_CONSTANT_CONVERSION = YES;
				CLANG_WARN_DIRECT_OBJC_ISA_USAGE = YES_ERROR;
				CLANG_WARN_DOCUMENTATION_COMMENTS = YES;
				CLANG_WARN_EMPTY_BODY = YES;
				CLANG_WARN_ENUM_CONVERSION = YES;
				CLANG_WARN_INFINITE_RECURSION = YES;
				CLANG_WARN_INT_CONVERSION = YES;
				CLANG_WARN_NON_LITERAL_NULL_CONVERSION = YES;
				CLANG_WARN_OBJC_LITERAL_CONVERSION = YES;
				CLANG_WARN_OBJC_ROOT_CLASS = YES_ERROR;
				CLANG_WARN_RANGE_LOOP_ANALYSIS = YES;
				CLANG_WARN_STRICT_PROTOTYPES = YES;
				CLANG_WARN_SUSPICIOUS_MOVE = YES;
				CLANG_WARN_UNGUARDED_AVAILABILITY = YES_AGGRESSIVE;
				CLANG_WARN_UNREACHABLE_CODE = YES;
				CLANG_WARN__DUPLICATE_METHOD_MATCH = YES;
				CODE_SIGN_IDENTITY = "iPhone Developer";
				COPY_PHASE_STRIP = NO;
				DEBUG_INFORMATION_FORMAT = dwarf;
				ENABLE_STRICT_OBJC_MSGSEND = YES;
				ENABLE_TESTABILITY = YES;
				GCC_C_LANGUAGE_STANDARD = gnu11;
				GCC_DYNAMIC_NO_PIC = NO;
				GCC_NO_COMMON_BLOCKS = YES;
				GCC_OPTIMIZATION_LEVEL = 0;
				GCC_PREPROCESSOR_DEFINITIONS = (
					"DEBUG=1",
					"$(inherited)",
				);
				GCC_WARN_64_TO_32_BIT_CONVERSION = YES;
				GCC_WARN_ABOUT_RETURN_TYPE = YES_ERROR;
				GCC_WARN_UNDECLARED_SELECTOR = YES;
				GCC_WARN_UNINITIALIZED_AUTOS = YES_AGGRESSIVE;
				GCC_WARN_UNUSED_FUNCTION = YES;
				GCC_WARN_UNUSED_VARIABLE = YES;
				IPHONEOS_DEPLOYMENT_TARGET = 11.0;
				MTL_ENABLE_DEBUG_INFO = YES;
				ONLY_ACTIVE_ARCH = YES;
				SDKROOT = iphoneos;
				SWIFT_ACTIVE_COMPILATION_CONDITIONS = DEBUG;
				SWIFT_OPTIMIZATION_LEVEL = "-Onone";
			};
			name = Debug;
		};
		77F9C3B21FF5061500DDD3A3 /* Release */ = {
			isa = XCBuildConfiguration;
			buildSettings = {
				ALWAYS_SEARCH_USER_PATHS = NO;
				CLANG_ANALYZER_NONNULL = YES;
				CLANG_ANALYZER_NUMBER_OBJECT_CONVERSION = YES_AGGRESSIVE;
				CLANG_CXX_LANGUAGE_STANDARD = "gnu++14";
				CLANG_CXX_LIBRARY = "libc++";
				CLANG_ENABLE_MODULES = YES;
				CLANG_ENABLE_OBJC_ARC = YES;
				CLANG_WARN_BLOCK_CAPTURE_AUTORELEASING = YES;
				CLANG_WARN_BOOL_CONVERSION = YES;
				CLANG_WARN_COMMA = YES;
				CLANG_WARN_CONSTANT_CONVERSION = YES;
				CLANG_WARN_DIRECT_OBJC_ISA_USAGE = YES_ERROR;
				CLANG_WARN_DOCUMENTATION_COMMENTS = YES;
				CLANG_WARN_EMPTY_BODY = YES;
				CLANG_WARN_ENUM_CONVERSION = YES;
				CLANG_WARN_INFINITE_RECURSION = YES;
				CLANG_WARN_INT_CONVERSION = YES;
				CLANG_WARN_NON_LITERAL_NULL_CONVERSION = YES;
				CLANG_WARN_OBJC_LITERAL_CONVERSION = YES;
				CLANG_WARN_OBJC_ROOT_CLASS = YES_ERROR;
				CLANG_WARN_RANGE_LOOP_ANALYSIS = YES;
				CLANG_WARN_STRICT_PROTOTYPES = YES;
				CLANG_WARN_SUSPICIOUS_MOVE = YES;
				CLANG_WARN_UNGUARDED_AVAILABILITY = YES_AGGRESSIVE;
				CLANG_WARN_UNREACHABLE_CODE = YES;
				CLANG_WARN__DUPLICATE_METHOD_MATCH = YES;
				CODE_SIGN_IDENTITY = "iPhone Developer";
				COPY_PHASE_STRIP = NO;
				DEBUG_INFORMATION_FORMAT = "dwarf-with-dsym";
				ENABLE_NS_ASSERTIONS = NO;
				ENABLE_STRICT_OBJC_MSGSEND = YES;
				GCC_C_LANGUAGE_STANDARD = gnu11;
				GCC_NO_COMMON_BLOCKS = YES;
				GCC_WARN_64_TO_32_BIT_CONVERSION = YES;
				GCC_WARN_ABOUT_RETURN_TYPE = YES_ERROR;
				GCC_WARN_UNDECLARED_SELECTOR = YES;
				GCC_WARN_UNINITIALIZED_AUTOS = YES_AGGRESSIVE;
				GCC_WARN_UNUSED_FUNCTION = YES;
				GCC_WARN_UNUSED_VARIABLE = YES;
				IPHONEOS_DEPLOYMENT_TARGET = 11.0;
				MTL_ENABLE_DEBUG_INFO = NO;
				SDKROOT = iphoneos;
				SWIFT_OPTIMIZATION_LEVEL = "-Owholemodule";
				VALIDATE_PRODUCT = YES;
			};
			name = Release;
		};
		77F9C3B41FF5061500DDD3A3 /* Debug */ = {
			isa = XCBuildConfiguration;
			buildSettings = {
				ASSETCATALOG_COMPILER_APPICON_NAME = AppIcon;
				CODE_SIGN_STYLE = Automatic;
				DEVELOPMENT_TEAM = AE6N548WT9;
				FRAMEWORK_SEARCH_PATHS = (
					"$(inherited)",
					"$(PROJECT_DIR)/DigitalGateApp/Framework",
				);
				INFOPLIST_FILE = DigitalGateApp/Info.plist;
				LD_RUNPATH_SEARCH_PATHS = "$(inherited) @executable_path/Frameworks";
				PRODUCT_BUNDLE_IDENTIFIER = com.turkcell.DigitalGateApp;
				PRODUCT_NAME = "$(TARGET_NAME)";
				SWIFT_VERSION = 4.0;
				TARGETED_DEVICE_FAMILY = "1,2";
			};
			name = Debug;
		};
		77F9C3B51FF5061500DDD3A3 /* Release */ = {
			isa = XCBuildConfiguration;
			buildSettings = {
				ASSETCATALOG_COMPILER_APPICON_NAME = AppIcon;
				CODE_SIGN_STYLE = Automatic;
				DEVELOPMENT_TEAM = AE6N548WT9;
				FRAMEWORK_SEARCH_PATHS = (
					"$(inherited)",
					"$(PROJECT_DIR)/DigitalGateApp/Framework",
				);
				INFOPLIST_FILE = DigitalGateApp/Info.plist;
				LD_RUNPATH_SEARCH_PATHS = "$(inherited) @executable_path/Frameworks";
				PRODUCT_BUNDLE_IDENTIFIER = com.turkcell.DigitalGateApp;
				PRODUCT_NAME = "$(TARGET_NAME)";
				SWIFT_VERSION = 4.0;
				TARGETED_DEVICE_FAMILY = "1,2";
			};
			name = Release;
		};
		77F9C3B71FF5061500DDD3A3 /* Debug */ = {
			isa = XCBuildConfiguration;
			buildSettings = {
				ALWAYS_EMBED_SWIFT_STANDARD_LIBRARIES = YES;
				BUNDLE_LOADER = "$(TEST_HOST)";
				CODE_SIGN_STYLE = Automatic;
				DEVELOPMENT_TEAM = AE6N548WT9;
				INFOPLIST_FILE = DigitalGateAppTests/Info.plist;
				LD_RUNPATH_SEARCH_PATHS = "$(inherited) @executable_path/Frameworks @loader_path/Frameworks";
				PRODUCT_BUNDLE_IDENTIFIER = com.turkcell.DigitalGateAppTests;
				PRODUCT_NAME = "$(TARGET_NAME)";
				SWIFT_VERSION = 4.0;
				TARGETED_DEVICE_FAMILY = "1,2";
				TEST_HOST = "$(BUILT_PRODUCTS_DIR)/DigitalGateApp.app/DigitalGateApp";
			};
			name = Debug;
		};
		77F9C3B81FF5061500DDD3A3 /* Release */ = {
			isa = XCBuildConfiguration;
			buildSettings = {
				ALWAYS_EMBED_SWIFT_STANDARD_LIBRARIES = YES;
				BUNDLE_LOADER = "$(TEST_HOST)";
				CODE_SIGN_STYLE = Automatic;
				DEVELOPMENT_TEAM = AE6N548WT9;
				INFOPLIST_FILE = DigitalGateAppTests/Info.plist;
				LD_RUNPATH_SEARCH_PATHS = "$(inherited) @executable_path/Frameworks @loader_path/Frameworks";
				PRODUCT_BUNDLE_IDENTIFIER = com.turkcell.DigitalGateAppTests;
				PRODUCT_NAME = "$(TARGET_NAME)";
				SWIFT_VERSION = 4.0;
				TARGETED_DEVICE_FAMILY = "1,2";
				TEST_HOST = "$(BUILT_PRODUCTS_DIR)/DigitalGateApp.app/DigitalGateApp";
			};
			name = Release;
		};
		77F9C3BA1FF5061500DDD3A3 /* Debug */ = {
			isa = XCBuildConfiguration;
			buildSettings = {
				ALWAYS_EMBED_SWIFT_STANDARD_LIBRARIES = YES;
				CODE_SIGN_STYLE = Automatic;
				DEVELOPMENT_TEAM = AE6N548WT9;
				INFOPLIST_FILE = DigitalGateAppUITests/Info.plist;
				LD_RUNPATH_SEARCH_PATHS = "$(inherited) @executable_path/Frameworks @loader_path/Frameworks";
				PRODUCT_BUNDLE_IDENTIFIER = com.turkcell.DigitalGateAppUITests;
				PRODUCT_NAME = "$(TARGET_NAME)";
				SWIFT_VERSION = 4.0;
				TARGETED_DEVICE_FAMILY = "1,2";
				TEST_TARGET_NAME = DigitalGateApp;
			};
			name = Debug;
		};
		77F9C3BB1FF5061500DDD3A3 /* Release */ = {
			isa = XCBuildConfiguration;
			buildSettings = {
				ALWAYS_EMBED_SWIFT_STANDARD_LIBRARIES = YES;
				CODE_SIGN_STYLE = Automatic;
				DEVELOPMENT_TEAM = AE6N548WT9;
				INFOPLIST_FILE = DigitalGateAppUITests/Info.plist;
				LD_RUNPATH_SEARCH_PATHS = "$(inherited) @executable_path/Frameworks @loader_path/Frameworks";
				PRODUCT_BUNDLE_IDENTIFIER = com.turkcell.DigitalGateAppUITests;
				PRODUCT_NAME = "$(TARGET_NAME)";
				SWIFT_VERSION = 4.0;
				TARGETED_DEVICE_FAMILY = "1,2";
				TEST_TARGET_NAME = DigitalGateApp;
			};
			name = Release;
		};
/* End XCBuildConfiguration section */

/* Begin XCConfigurationList section */
		77F9C3861FF5061500DDD3A3 /* Build configuration list for PBXProject "DigitalGateApp" */ = {
			isa = XCConfigurationList;
			buildConfigurations = (
				77F9C3B11FF5061500DDD3A3 /* Debug */,
				77F9C3B21FF5061500DDD3A3 /* Release */,
			);
			defaultConfigurationIsVisible = 0;
			defaultConfigurationName = Release;
		};
		77F9C3B31FF5061500DDD3A3 /* Build configuration list for PBXNativeTarget "DigitalGateApp" */ = {
			isa = XCConfigurationList;
			buildConfigurations = (
				77F9C3B41FF5061500DDD3A3 /* Debug */,
				77F9C3B51FF5061500DDD3A3 /* Release */,
			);
			defaultConfigurationIsVisible = 0;
			defaultConfigurationName = Release;
		};
		77F9C3B61FF5061500DDD3A3 /* Build configuration list for PBXNativeTarget "DigitalGateAppTests" */ = {
			isa = XCConfigurationList;
			buildConfigurations = (
				77F9C3B71FF5061500DDD3A3 /* Debug */,
				77F9C3B81FF5061500DDD3A3 /* Release */,
			);
			defaultConfigurationIsVisible = 0;
			defaultConfigurationName = Release;
		};
		77F9C3B91FF5061500DDD3A3 /* Build configuration list for PBXNativeTarget "DigitalGateAppUITests" */ = {
			isa = XCConfigurationList;
			buildConfigurations = (
				77F9C3BA1FF5061500DDD3A3 /* Debug */,
				77F9C3BB1FF5061500DDD3A3 /* Release */,
			);
			defaultConfigurationIsVisible = 0;
			defaultConfigurationName = Release;
		};
/* End XCConfigurationList section */
	};
	rootObject = 77F9C3831FF5061500DDD3A3 /* Project object */;
}
